
Microsoft Visual Studio Solution File, Format Version 12.00
# Visual Studio 2013
VisualStudioVersion = 12.0.31101.0
MinimumVisualStudioVersion = 10.0.40219.1
Project("{F2A71F9B-5D33-465A-A702-920D77279786}") = "GMSD", "GMSD\GMSD.fsproj", "{1EFD6E1F-388E-40A6-899E-F8F4312206E1}"
EndProject
Project("{F2A71F9B-5D33-465A-A702-920D77279786}") = "libgmsd", "libgmsd\libgmsd.fsproj", "{C8FFC4E5-DC05-48E8-804C-F4F974955F33}"
EndProject
Global
	GlobalSection(SolutionConfigurationPlatforms) = preSolution
		Debug|Any CPU = Debug|Any CPU
		Release|Any CPU = Release|Any CPU
	EndGlobalSection
	GlobalSection(ProjectConfigurationPlatforms) = postSolution
		{1EFD6E1F-388E-40A6-899E-F8F4312206E1}.Debug|Any CPU.ActiveCfg = Debug|Any CPU
		{1EFD6E1F-388E-40A6-899E-F8F4312206E1}.Debug|Any CPU.Build.0 = Debug|Any CPU
		{1EFD6E1F-388E-40A6-899E-F8F4312206E1}.Release|Any CPU.ActiveCfg = Release|Any CPU
		{1EFD6E1F-388E-40A6-899E-F8F4312206E1}.Release|Any CPU.Build.0 = Release|Any CPU
		{C8FFC4E5-DC05-48E8-804C-F4F974955F33}.Debug|Any CPU.ActiveCfg = Debug|Any CPU
		{C8FFC4E5-DC05-48E8-804C-F4F974955F33}.Debug|Any CPU.Build.0 = Debug|Any CPU
		{C8FFC4E5-DC05-48E8-804C-F4F974955F33}.Release|Any CPU.ActiveCfg = Release|Any CPU
		{C8FFC4E5-DC05-48E8-804C-F4F974955F33}.Release|Any CPU.Build.0 = Release|Any CPU
	EndGlobalSection
	GlobalSection(SolutionProperties) = preSolution
		HideSolutionNode = FALSE
	EndGlobalSection
EndGlobal
